
Microsoft Visual Studio Solution File, Format Version 12.00
# Visual Studio Version 17
VisualStudioVersion = 17.4.33122.133
MinimumVisualStudioVersion = 10.0.40219.1
Project("{9A19103F-16F7-4668-BE54-9A1E7A4F7556}") = "EcommerceAPI", "EcommerceAPI\EcommerceAPI.csproj", "{A129410E-DD7D-46C5-BCA8-0CC9626ACEFA}"
EndProject
Project("{9A19103F-16F7-4668-BE54-9A1E7A4F7556}") = "ECommerce.Consumer", "ECommerce.Consumer\ECommerce.Consumer.csproj", "{BCB59EBE-B11D-47C0-A456-75D8E3F371E3}"
EndProject
Project("{9A19103F-16F7-4668-BE54-9A1E7A4F7556}") = "EcommerceAPI.Tests", "EcommerceAPI.Tests\EcommerceAPI.Tests.csproj", "{BBE6A808-6533-4ABC-87B7-6985F08604FF}"
EndProject
Project("{9A19103F-16F7-4668-BE54-9A1E7A4F7556}") = "Domain", "Domain\Domain.csproj", "{ED0C303B-861C-40CB-9FEE-19C7F5723EB3}"
EndProject
Project("{9A19103F-16F7-4668-BE54-9A1E7A4F7556}") = "Persistence", "Persistence\Persistence.csproj", "{5766AD85-32B4-4BCF-AA70-ECF8E254D590}"
EndProject
Project("{9A19103F-16F7-4668-BE54-9A1E7A4F7556}") = "Core", "Core\Core.csproj", "{5F71270D-A18F-4CFB-A5E5-C4FC9389775F}"
EndProject
Project("{2150E333-8FDC-42A3-9474-1A3956D46DE8}") = "API", "API", "{7457C66F-93ED-4E32-BDBF-CB05C9F57DC0}"
EndProject
Project("{2150E333-8FDC-42A3-9474-1A3956D46DE8}") = "Implementation", "Implementation", "{2CE72C36-8502-4840-9ACB-7FD3841138BC}"
EndProject
Project("{2150E333-8FDC-42A3-9474-1A3956D46DE8}") = "Tests", "Tests", "{F683688B-0D96-475D-AF81-8B624D92287F}"
EndProject
Global
	GlobalSection(SolutionConfigurationPlatforms) = preSolution
		Debug|Any CPU = Debug|Any CPU
		Release|Any CPU = Release|Any CPU
	EndGlobalSection
	GlobalSection(ProjectConfigurationPlatforms) = postSolution
		{A129410E-DD7D-46C5-BCA8-0CC9626ACEFA}.Debug|Any CPU.ActiveCfg = Debug|Any CPU
		{A129410E-DD7D-46C5-BCA8-0CC9626ACEFA}.Debug|Any CPU.Build.0 = Debug|Any CPU
		{A129410E-DD7D-46C5-BCA8-0CC9626ACEFA}.Release|Any CPU.ActiveCfg = Release|Any CPU
		{A129410E-DD7D-46C5-BCA8-0CC9626ACEFA}.Release|Any CPU.Build.0 = Release|Any CPU
		{BCB59EBE-B11D-47C0-A456-75D8E3F371E3}.Debug|Any CPU.ActiveCfg = Debug|Any CPU
		{BCB59EBE-B11D-47C0-A456-75D8E3F371E3}.Debug|Any CPU.Build.0 = Debug|Any CPU
		{BCB59EBE-B11D-47C0-A456-75D8E3F371E3}.Release|Any CPU.ActiveCfg = Release|Any CPU
		{BCB59EBE-B11D-47C0-A456-75D8E3F371E3}.Release|Any CPU.Build.0 = Release|Any CPU
		{BBE6A808-6533-4ABC-87B7-6985F08604FF}.Debug|Any CPU.ActiveCfg = Debug|Any CPU
		{BBE6A808-6533-4ABC-87B7-6985F08604FF}.Debug|Any CPU.Build.0 = Debug|Any CPU
		{BBE6A808-6533-4ABC-87B7-6985F08604FF}.Release|Any CPU.ActiveCfg = Release|Any CPU
		{BBE6A808-6533-4ABC-87B7-6985F08604FF}.Release|Any CPU.Build.0 = Release|Any CPU
		{ED0C303B-861C-40CB-9FEE-19C7F5723EB3}.Debug|Any CPU.ActiveCfg = Debug|Any CPU
		{ED0C303B-861C-40CB-9FEE-19C7F5723EB3}.Debug|Any CPU.Build.0 = Debug|Any CPU
		{ED0C303B-861C-40CB-9FEE-19C7F5723EB3}.Release|Any CPU.ActiveCfg = Release|Any CPU
		{ED0C303B-861C-40CB-9FEE-19C7F5723EB3}.Release|Any CPU.Build.0 = Release|Any CPU
		{5766AD85-32B4-4BCF-AA70-ECF8E254D590}.Debug|Any CPU.ActiveCfg = Debug|Any CPU
		{5766AD85-32B4-4BCF-AA70-ECF8E254D590}.Debug|Any CPU.Build.0 = Debug|Any CPU
		{5766AD85-32B4-4BCF-AA70-ECF8E254D590}.Release|Any CPU.ActiveCfg = Release|Any CPU
		{5766AD85-32B4-4BCF-AA70-ECF8E254D590}.Release|Any CPU.Build.0 = Release|Any CPU
		{5F71270D-A18F-4CFB-A5E5-C4FC9389775F}.Debug|Any CPU.ActiveCfg = Debug|Any CPU
		{5F71270D-A18F-4CFB-A5E5-C4FC9389775F}.Debug|Any CPU.Build.0 = Debug|Any CPU
		{5F71270D-A18F-4CFB-A5E5-C4FC9389775F}.Release|Any CPU.ActiveCfg = Release|Any CPU
		{5F71270D-A18F-4CFB-A5E5-C4FC9389775F}.Release|Any CPU.Build.0 = Release|Any CPU
	EndGlobalSection
	GlobalSection(SolutionProperties) = preSolution
		HideSolutionNode = FALSE
	EndGlobalSection
	GlobalSection(NestedProjects) = preSolution
		{A129410E-DD7D-46C5-BCA8-0CC9626ACEFA} = {7457C66F-93ED-4E32-BDBF-CB05C9F57DC0}
		{BCB59EBE-B11D-47C0-A456-75D8E3F371E3} = {2CE72C36-8502-4840-9ACB-7FD3841138BC}
		{BBE6A808-6533-4ABC-87B7-6985F08604FF} = {F683688B-0D96-475D-AF81-8B624D92287F}
		{ED0C303B-861C-40CB-9FEE-19C7F5723EB3} = {2CE72C36-8502-4840-9ACB-7FD3841138BC}
		{5766AD85-32B4-4BCF-AA70-ECF8E254D590} = {2CE72C36-8502-4840-9ACB-7FD3841138BC}
		{5F71270D-A18F-4CFB-A5E5-C4FC9389775F} = {2CE72C36-8502-4840-9ACB-7FD3841138BC}
	EndGlobalSection
	GlobalSection(ExtensibilityGlobals) = postSolution
		SolutionGuid = {6F5C792F-9578-457D-B92D-2B11635F00CF}
	EndGlobalSection
EndGlobal
